
Microsoft Visual Studio Solution File, Format Version 12.00
# Visual Studio Version 16
VisualStudioVersion = 16.0.34601.136
MinimumVisualStudioVersion = 10.0.40219.1
Project("{FAE04EC0-301F-11D3-BF4B-00C04F79EFBC}") = "lesson3.1-ĐTH", "lesson4\lesson3.1-ĐTH.csproj", "{6768570D-693E-4534-8085-EAFA8BEB273F}"
EndProject
Project("{FAE04EC0-301F-11D3-BF4B-00C04F79EFBC}") = "lesson3.2-ĐTH", "lesson3.2\lesson3.2-ĐTH.csproj", "{C66746A0-447B-49EF-BB34-3C0B7407A24E}"
EndProject
Project("{FAE04EC0-301F-11D3-BF4B-00C04F79EFBC}") = "lesson3.3-ĐTH", "lesson3.3\lesson3.3-ĐTH.csproj", "{8AF2EAC7-4680-4D3A-9CD5-18E257963D94}"
EndProject
Project("{FAE04EC0-301F-11D3-BF4B-00C04F79EFBC}") = "lesson3.4-ĐTH", "lesson3.4\lesson3.4-ĐTH.csproj", "{A84D8880-0BA5-4F07-B339-795142CD1D6D}"
EndProject
Global
	GlobalSection(SolutionConfigurationPlatforms) = preSolution
		Debug|Any CPU = Debug|Any CPU
		Release|Any CPU = Release|Any CPU
	EndGlobalSection
	GlobalSection(ProjectConfigurationPlatforms) = postSolution
		{6768570D-693E-4534-8085-EAFA8BEB273F}.Debug|Any CPU.ActiveCfg = Debug|Any CPU
		{6768570D-693E-4534-8085-EAFA8BEB273F}.Debug|Any CPU.Build.0 = Debug|Any CPU
		{6768570D-693E-4534-8085-EAFA8BEB273F}.Release|Any CPU.ActiveCfg = Release|Any CPU
		{6768570D-693E-4534-8085-EAFA8BEB273F}.Release|Any CPU.Build.0 = Release|Any CPU
		{C66746A0-447B-49EF-BB34-3C0B7407A24E}.Debug|Any CPU.ActiveCfg = Debug|Any CPU
		{C66746A0-447B-49EF-BB34-3C0B7407A24E}.Debug|Any CPU.Build.0 = Debug|Any CPU
		{C66746A0-447B-49EF-BB34-3C0B7407A24E}.Release|Any CPU.ActiveCfg = Release|Any CPU
		{C66746A0-447B-49EF-BB34-3C0B7407A24E}.Release|Any CPU.Build.0 = Release|Any CPU
		{8AF2EAC7-4680-4D3A-9CD5-18E257963D94}.Debug|Any CPU.ActiveCfg = Debug|Any CPU
		{8AF2EAC7-4680-4D3A-9CD5-18E257963D94}.Debug|Any CPU.Build.0 = Debug|Any CPU
		{8AF2EAC7-4680-4D3A-9CD5-18E257963D94}.Release|Any CPU.ActiveCfg = Release|Any CPU
		{8AF2EAC7-4680-4D3A-9CD5-18E257963D94}.Release|Any CPU.Build.0 = Release|Any CPU
		{A84D8880-0BA5-4F07-B339-795142CD1D6D}.Debug|Any CPU.ActiveCfg = Debug|Any CPU
		{A84D8880-0BA5-4F07-B339-795142CD1D6D}.Debug|Any CPU.Build.0 = Debug|Any CPU
		{A84D8880-0BA5-4F07-B339-795142CD1D6D}.Release|Any CPU.ActiveCfg = Release|Any CPU
		{A84D8880-0BA5-4F07-B339-795142CD1D6D}.Release|Any CPU.Build.0 = Release|Any CPU
	EndGlobalSection
	GlobalSection(SolutionProperties) = preSolution
		HideSolutionNode = FALSE
	EndGlobalSection
	GlobalSection(ExtensibilityGlobals) = postSolution
		SolutionGuid = {42F4E586-193B-4CFC-9F7E-78071B18907C}
	EndGlobalSection
EndGlobal
